
Microsoft Visual Studio Solution File, Format Version 12.00
# Visual Studio Version 16
VisualStudioVersion = 16.0.29911.84
MinimumVisualStudioVersion = 10.0.40219.1
Project("{FAE04EC0-301F-11D3-BF4B-00C04F79EFBC}") = "Roads", "Roads\Roads.csproj", "{0EF8DB6E-521D-4177-9887-14B4C1402496}"
EndProject
Global
	GlobalSection(SolutionConfigurationPlatforms) = preSolution
		Debug|Any CPU = Debug|Any CPU
		Release|Any CPU = Release|Any CPU
	EndGlobalSection
	GlobalSection(ProjectConfigurationPlatforms) = postSolution
		{0EF8DB6E-521D-4177-9887-14B4C1402496}.Debug|Any CPU.ActiveCfg = Debug|Any CPU
		{0EF8DB6E-521D-4177-9887-14B4C1402496}.Debug|Any CPU.Build.0 = Debug|Any CPU
		{0EF8DB6E-521D-4177-9887-14B4C1402496}.Release|Any CPU.ActiveCfg = Release|Any CPU
		{0EF8DB6E-521D-4177-9887-14B4C1402496}.Release|Any CPU.Build.0 = Release|Any CPU
	EndGlobalSection
	GlobalSection(SolutionProperties) = preSolution
		HideSolutionNode = FALSE
	EndGlobalSection
	GlobalSection(ExtensibilityGlobals) = postSolution
		SolutionGuid = {4B62B39C-6E88-43FD-A95E-DE60BD6346E7}
	EndGlobalSection
EndGlobal
